
Microsoft Visual Studio Solution File, Format Version 12.00
# Visual Studio Version 17
VisualStudioVersion = 17.9.34622.214
MinimumVisualStudioVersion = 10.0.40219.1
Project("{8BC9CEB8-8B4A-11D0-8D11-00A0C91BC942}") = "01HelloWorld", "01HelloWorld\01HelloWorld.vcxproj", "{57EBD620-F123-445B-BB75-9AF06D90EB15}"
EndProject
Global
	GlobalSection(SolutionConfigurationPlatforms) = preSolution
		Debug|x64 = Debug|x64
		Debug|x86 = Debug|x86
		Release|x64 = Release|x64
		Release|x86 = Release|x86
	EndGlobalSection
	GlobalSection(ProjectConfigurationPlatforms) = postSolution
		{57EBD620-F123-445B-BB75-9AF06D90EB15}.Debug|x64.ActiveCfg = Debug|x64
		{57EBD620-F123-445B-BB75-9AF06D90EB15}.Debug|x64.Build.0 = Debug|x64
		{57EBD620-F123-445B-BB75-9AF06D90EB15}.Debug|x86.ActiveCfg = Debug|Win32
		{57EBD620-F123-445B-BB75-9AF06D90EB15}.Debug|x86.Build.0 = Debug|Win32
		{57EBD620-F123-445B-BB75-9AF06D90EB15}.Release|x64.ActiveCfg = Release|x64
		{57EBD620-F123-445B-BB75-9AF06D90EB15}.Release|x64.Build.0 = Release|x64
		{57EBD620-F123-445B-BB75-9AF06D90EB15}.Release|x86.ActiveCfg = Release|Win32
		{57EBD620-F123-445B-BB75-9AF06D90EB15}.Release|x86.Build.0 = Release|Win32
	EndGlobalSection
	GlobalSection(SolutionProperties) = preSolution
		HideSolutionNode = FALSE
	EndGlobalSection
	GlobalSection(ExtensibilityGlobals) = postSolution
		SolutionGuid = {EB1353C9-1743-49D7-8D21-91A00516AD8C}
	EndGlobalSection
EndGlobal
